
Microsoft Visual Studio Solution File, Format Version 12.00
# Visual Studio Version 16
VisualStudioVersion = 16.0.30204.135
MinimumVisualStudioVersion = 10.0.40219.1
Project("{FAE04EC0-301F-11D3-BF4B-00C04F79EFBC}") = "VisualGaitLab", "VisualGaitLab.csproj", "{0CB69231-19A1-4DB8-B411-52C099A569EF}"
EndProject
Project("{54435603-DBB4-11D2-8724-00A0C9A8B90C}") = "Setup1", "..\Setup1\Setup1.vdproj", "{E57AEF13-0115-4E66-ADA8-77B1284F969B}"
EndProject
Global
	GlobalSection(SolutionConfigurationPlatforms) = preSolution
		Debug|Any CPU = Debug|Any CPU
		Release|Any CPU = Release|Any CPU
	EndGlobalSection
	GlobalSection(ProjectConfigurationPlatforms) = postSolution
		{0CB69231-19A1-4DB8-B411-52C099A569EF}.Debug|Any CPU.ActiveCfg = Debug|Any CPU
		{0CB69231-19A1-4DB8-B411-52C099A569EF}.Debug|Any CPU.Build.0 = Debug|Any CPU
		{0CB69231-19A1-4DB8-B411-52C099A569EF}.Release|Any CPU.ActiveCfg = Release|Any CPU
		{0CB69231-19A1-4DB8-B411-52C099A569EF}.Release|Any CPU.Build.0 = Release|Any CPU
		{E57AEF13-0115-4E66-ADA8-77B1284F969B}.Debug|Any CPU.ActiveCfg = Release
		{E57AEF13-0115-4E66-ADA8-77B1284F969B}.Release|Any CPU.ActiveCfg = Release
	EndGlobalSection
	GlobalSection(SolutionProperties) = preSolution
		HideSolutionNode = FALSE
	EndGlobalSection
	GlobalSection(ExtensibilityGlobals) = postSolution
		SolutionGuid = {E183F7C5-6A20-4B17-97C3-6F90772E6052}
	EndGlobalSection
EndGlobal
